
Microsoft Visual Studio Solution File, Format Version 12.00
# Visual Studio Version 17
VisualStudioVersion = 17.9.34701.34
MinimumVisualStudioVersion = 10.0.40219.1
Project("{8BC9CEB8-8B4A-11D0-8D11-00A0C91BC942}") = "TODO_server", "TODO_server.vcxproj", "{466EE268-9527-4FAC-BE41-34176C747CF9}"
EndProject
Global
	GlobalSection(SolutionConfigurationPlatforms) = preSolution
		Debug|x64 = Debug|x64
		Debug|x86 = Debug|x86
		Release|x64 = Release|x64
		Release|x86 = Release|x86
	EndGlobalSection
	GlobalSection(ProjectConfigurationPlatforms) = postSolution
		{466EE268-9527-4FAC-BE41-34176C747CF9}.Debug|x64.ActiveCfg = Debug|x64
		{466EE268-9527-4FAC-BE41-34176C747CF9}.Debug|x64.Build.0 = Debug|x64
		{466EE268-9527-4FAC-BE41-34176C747CF9}.Debug|x86.ActiveCfg = Debug|Win32
		{466EE268-9527-4FAC-BE41-34176C747CF9}.Debug|x86.Build.0 = Debug|Win32
		{466EE268-9527-4FAC-BE41-34176C747CF9}.Release|x64.ActiveCfg = Release|x64
		{466EE268-9527-4FAC-BE41-34176C747CF9}.Release|x64.Build.0 = Release|x64
		{466EE268-9527-4FAC-BE41-34176C747CF9}.Release|x86.ActiveCfg = Release|Win32
		{466EE268-9527-4FAC-BE41-34176C747CF9}.Release|x86.Build.0 = Release|Win32
	EndGlobalSection
	GlobalSection(SolutionProperties) = preSolution
		HideSolutionNode = FALSE
	EndGlobalSection
	GlobalSection(ExtensibilityGlobals) = postSolution
		SolutionGuid = {881E85A7-EA63-4478-938A-8B06EDBBB058}
	EndGlobalSection
EndGlobal
